
Microsoft Visual Studio Solution File, Format Version 12.00
# Visual Studio Version 17
VisualStudioVersion = 17.9.34902.65
MinimumVisualStudioVersion = 10.0.40219.1
Project("{9A19103F-16F7-4668-BE54-9A1E7A4F7556}") = "ReflectionLibrary", "ReflectionLibrary\ReflectionLibrary.csproj", "{71E1F11A-3FC9-42BF-A784-172B3ED65835}"
EndProject
Project("{FAE04EC0-301F-11D3-BF4B-00C04F79EFBC}") = "ReflectionConsoleApp", "ReflectionConsoleApp\ReflectionConsoleApp.csproj", "{038742DD-04CE-4DDA-ACC6-AD48061C302D}"
EndProject
Global
	GlobalSection(SolutionConfigurationPlatforms) = preSolution
		Debug|Any CPU = Debug|Any CPU
		Release|Any CPU = Release|Any CPU
	EndGlobalSection
	GlobalSection(ProjectConfigurationPlatforms) = postSolution
		{71E1F11A-3FC9-42BF-A784-172B3ED65835}.Debug|Any CPU.ActiveCfg = Debug|Any CPU
		{71E1F11A-3FC9-42BF-A784-172B3ED65835}.Debug|Any CPU.Build.0 = Debug|Any CPU
		{71E1F11A-3FC9-42BF-A784-172B3ED65835}.Release|Any CPU.ActiveCfg = Release|Any CPU
		{71E1F11A-3FC9-42BF-A784-172B3ED65835}.Release|Any CPU.Build.0 = Release|Any CPU
		{038742DD-04CE-4DDA-ACC6-AD48061C302D}.Debug|Any CPU.ActiveCfg = Debug|Any CPU
		{038742DD-04CE-4DDA-ACC6-AD48061C302D}.Debug|Any CPU.Build.0 = Debug|Any CPU
		{038742DD-04CE-4DDA-ACC6-AD48061C302D}.Release|Any CPU.ActiveCfg = Release|Any CPU
		{038742DD-04CE-4DDA-ACC6-AD48061C302D}.Release|Any CPU.Build.0 = Release|Any CPU
	EndGlobalSection
	GlobalSection(SolutionProperties) = preSolution
		HideSolutionNode = FALSE
	EndGlobalSection
	GlobalSection(ExtensibilityGlobals) = postSolution
		SolutionGuid = {46DE35CE-D9F4-4CD8-B769-C87DABC5D3FF}
	EndGlobalSection
EndGlobal
